
Microsoft Visual Studio Solution File, Format Version 12.00
# Visual Studio Version 16
VisualStudioVersion = 16.0.31702.278
MinimumVisualStudioVersion = 10.0.40219.1
Project("{FAE04EC0-301F-11D3-BF4B-00C04F79EFBC}") = "tabl ymnozhen", "tabl ymnozhen\tabl ymnozhen.csproj", "{EA1EE3AF-E1FE-48EC-ADFB-0045CB5871F5}"
EndProject
Global
	GlobalSection(SolutionConfigurationPlatforms) = preSolution
		Debug|Any CPU = Debug|Any CPU
		Release|Any CPU = Release|Any CPU
	EndGlobalSection
	GlobalSection(ProjectConfigurationPlatforms) = postSolution
		{EA1EE3AF-E1FE-48EC-ADFB-0045CB5871F5}.Debug|Any CPU.ActiveCfg = Debug|Any CPU
		{EA1EE3AF-E1FE-48EC-ADFB-0045CB5871F5}.Debug|Any CPU.Build.0 = Debug|Any CPU
		{EA1EE3AF-E1FE-48EC-ADFB-0045CB5871F5}.Release|Any CPU.ActiveCfg = Release|Any CPU
		{EA1EE3AF-E1FE-48EC-ADFB-0045CB5871F5}.Release|Any CPU.Build.0 = Release|Any CPU
	EndGlobalSection
	GlobalSection(SolutionProperties) = preSolution
		HideSolutionNode = FALSE
	EndGlobalSection
	GlobalSection(ExtensibilityGlobals) = postSolution
		SolutionGuid = {8398E955-FDA2-4180-8CE0-1B0FF6D4BD19}
	EndGlobalSection
EndGlobal
